# This file is autogenerated, do not edit; changes may be undone by the next 'dep ensure'.


[[projects]]
  digest = "1:a485c5e5d2dfe43525400261971e534809374e6feb40322b0ce9d9d2194ea979"
  name = "github.com/pusher/jwt-go"
  packages = ["."]
  pruneopts = "UT"
  revision = "f46fb7ef125ee49d7b4219e50386b304c4300fbb"
  source = "github.com/pusher/jwt-go.git"
  version = "v3.0.1"

[[projects]]
  digest = "1:06e848375f7d892450bce9739728bc00b3b2fe3ca7e34d32066508520465f3bd"
  name = "github.com/pusher/pusher-platform-go"
  packages = [
    "auth",
    "client",
    "instance",
  ]
  pruneopts = "UT"
  revision = "22b63e7b1e3a7c8c63163208dff5a1138bca8bf7"
  version = "0.1.0"

[solve-meta]
  analyzer-name = "dep"
  analyzer-version = 1
  input-imports = [
    "github.com/pusher/pusher-platform-go/auth",
    "github.com/pusher/pusher-platform-go/client",
    "github.com/pusher/pusher-platform-go/instance",
  ]
  solver-name = "gps-cdcl"
  solver-version = 1
